
Microsoft Visual Studio Solution File, Format Version 12.00
# Visual Studio Version 16
VisualStudioVersion = 16.0.29613.14
MinimumVisualStudioVersion = 10.0.40219.1
Project("{FAE04EC0-301F-11D3-BF4B-00C04F79EFBC}") = "TestColourSettings.UWP", "TestColourSettings\TestColourSettings.UWP\TestColourSettings.UWP.csproj", "{57E33F39-EAAB-4353-B30A-7F9A0BD3ADA2}"
EndProject
Project("{FAE04EC0-301F-11D3-BF4B-00C04F79EFBC}") = "TestColourSettings.Android", "TestColourSettings\TestColourSettings.Android\TestColourSettings.Android.csproj", "{8AA603DC-53C6-4CF3-82A7-A0A92D57791B}"
EndProject
Project("{FAE04EC0-301F-11D3-BF4B-00C04F79EFBC}") = "TestColourSettings.iOS", "TestColourSettings\TestColourSettings.iOS\TestColourSettings.iOS.csproj", "{FC27B277-5832-4E2C-9F42-3762F3AFDADF}"
EndProject
Project("{9A19103F-16F7-4668-BE54-9A1E7A4F7556}") = "TestColourSettings", "TestColourSettings\TestColourSettings\TestColourSettings.csproj", "{AA919E60-3E0A-4A0B-834A-EEE405FEFC46}"
EndProject
Project("{9A19103F-16F7-4668-BE54-9A1E7A4F7556}") = "ColourSettings", "..\..\ClassLibraries\ColourSettings\ColourSettings\ColourSettings.csproj", "{89234904-DD0D-4F42-83BE-459A3E7751FB}"
EndProject
Global
	GlobalSection(SolutionConfigurationPlatforms) = preSolution
		Debug|Any CPU = Debug|Any CPU
		Debug|ARM = Debug|ARM
		Debug|iPhone = Debug|iPhone
		Debug|iPhoneSimulator = Debug|iPhoneSimulator
		Debug|x64 = Debug|x64
		Debug|x86 = Debug|x86
		Release|Any CPU = Release|Any CPU
		Release|ARM = Release|ARM
		Release|iPhone = Release|iPhone
		Release|iPhoneSimulator = Release|iPhoneSimulator
		Release|x64 = Release|x64
		Release|x86 = Release|x86
	EndGlobalSection
	GlobalSection(ProjectConfigurationPlatforms) = postSolution
		{57E33F39-EAAB-4353-B30A-7F9A0BD3ADA2}.Debug|Any CPU.ActiveCfg = Debug|x86
		{57E33F39-EAAB-4353-B30A-7F9A0BD3ADA2}.Debug|Any CPU.Build.0 = Debug|x86
		{57E33F39-EAAB-4353-B30A-7F9A0BD3ADA2}.Debug|Any CPU.Deploy.0 = Debug|x86
		{57E33F39-EAAB-4353-B30A-7F9A0BD3ADA2}.Debug|ARM.ActiveCfg = Debug|ARM
		{57E33F39-EAAB-4353-B30A-7F9A0BD3ADA2}.Debug|ARM.Build.0 = Debug|ARM
		{57E33F39-EAAB-4353-B30A-7F9A0BD3ADA2}.Debug|ARM.Deploy.0 = Debug|ARM
		{57E33F39-EAAB-4353-B30A-7F9A0BD3ADA2}.Debug|iPhone.ActiveCfg = Debug|x86
		{57E33F39-EAAB-4353-B30A-7F9A0BD3ADA2}.Debug|iPhone.Build.0 = Debug|x86
		{57E33F39-EAAB-4353-B30A-7F9A0BD3ADA2}.Debug|iPhone.Deploy.0 = Debug|x86
		{57E33F39-EAAB-4353-B30A-7F9A0BD3ADA2}.Debug|iPhoneSimulator.ActiveCfg = Debug|x86
		{57E33F39-EAAB-4353-B30A-7F9A0BD3ADA2}.Debug|iPhoneSimulator.Build.0 = Debug|x86
		{57E33F39-EAAB-4353-B30A-7F9A0BD3ADA2}.Debug|iPhoneSimulator.Deploy.0 = Debug|x86
		{57E33F39-EAAB-4353-B30A-7F9A0BD3ADA2}.Debug|x64.ActiveCfg = Debug|x64
		{57E33F39-EAAB-4353-B30A-7F9A0BD3ADA2}.Debug|x64.Build.0 = Debug|x64
		{57E33F39-EAAB-4353-B30A-7F9A0BD3ADA2}.Debug|x64.Deploy.0 = Debug|x64
		{57E33F39-EAAB-4353-B30A-7F9A0BD3ADA2}.Debug|x86.ActiveCfg = Debug|x86
		{57E33F39-EAAB-4353-B30A-7F9A0BD3ADA2}.Debug|x86.Build.0 = Debug|x86
		{57E33F39-EAAB-4353-B30A-7F9A0BD3ADA2}.Debug|x86.Deploy.0 = Debug|x86
		{57E33F39-EAAB-4353-B30A-7F9A0BD3ADA2}.Release|Any CPU.ActiveCfg = Release|x86
		{57E33F39-EAAB-4353-B30A-7F9A0BD3ADA2}.Release|Any CPU.Build.0 = Release|x86
		{57E33F39-EAAB-4353-B30A-7F9A0BD3ADA2}.Release|Any CPU.Deploy.0 = Release|x86
		{57E33F39-EAAB-4353-B30A-7F9A0BD3ADA2}.Release|ARM.ActiveCfg = Release|ARM
		{57E33F39-EAAB-4353-B30A-7F9A0BD3ADA2}.Release|ARM.Build.0 = Release|ARM
		{57E33F39-EAAB-4353-B30A-7F9A0BD3ADA2}.Release|ARM.Deploy.0 = Release|ARM
		{57E33F39-EAAB-4353-B30A-7F9A0BD3ADA2}.Release|iPhone.ActiveCfg = Release|x86
		{57E33F39-EAAB-4353-B30A-7F9A0BD3ADA2}.Release|iPhone.Build.0 = Release|x86
		{57E33F39-EAAB-4353-B30A-7F9A0BD3ADA2}.Release|iPhone.Deploy.0 = Release|x86
		{57E33F39-EAAB-4353-B30A-7F9A0BD3ADA2}.Release|iPhoneSimulator.ActiveCfg = Release|x86
		{57E33F39-EAAB-4353-B30A-7F9A0BD3ADA2}.Release|iPhoneSimulator.Build.0 = Release|x86
		{57E33F39-EAAB-4353-B30A-7F9A0BD3ADA2}.Release|iPhoneSimulator.Deploy.0 = Release|x86
		{57E33F39-EAAB-4353-B30A-7F9A0BD3ADA2}.Release|x64.ActiveCfg = Release|x64
		{57E33F39-EAAB-4353-B30A-7F9A0BD3ADA2}.Release|x64.Build.0 = Release|x64
		{57E33F39-EAAB-4353-B30A-7F9A0BD3ADA2}.Release|x64.Deploy.0 = Release|x64
		{57E33F39-EAAB-4353-B30A-7F9A0BD3ADA2}.Release|x86.ActiveCfg = Release|x86
		{57E33F39-EAAB-4353-B30A-7F9A0BD3ADA2}.Release|x86.Build.0 = Release|x86
		{57E33F39-EAAB-4353-B30A-7F9A0BD3ADA2}.Release|x86.Deploy.0 = Release|x86
		{8AA603DC-53C6-4CF3-82A7-A0A92D57791B}.Debug|Any CPU.ActiveCfg = Debug|Any CPU
		{8AA603DC-53C6-4CF3-82A7-A0A92D57791B}.Debug|Any CPU.Build.0 = Debug|Any CPU
		{8AA603DC-53C6-4CF3-82A7-A0A92D57791B}.Debug|Any CPU.Deploy.0 = Debug|Any CPU
		{8AA603DC-53C6-4CF3-82A7-A0A92D57791B}.Debug|ARM.ActiveCfg = Debug|Any CPU
		{8AA603DC-53C6-4CF3-82A7-A0A92D57791B}.Debug|ARM.Build.0 = Debug|Any CPU
		{8AA603DC-53C6-4CF3-82A7-A0A92D57791B}.Debug|ARM.Deploy.0 = Debug|Any CPU
		{8AA603DC-53C6-4CF3-82A7-A0A92D57791B}.Debug|iPhone.ActiveCfg = Debug|Any CPU
		{8AA603DC-53C6-4CF3-82A7-A0A92D57791B}.Debug|iPhone.Build.0 = Debug|Any CPU
		{8AA603DC-53C6-4CF3-82A7-A0A92D57791B}.Debug|iPhone.Deploy.0 = Debug|Any CPU
		{8AA603DC-53C6-4CF3-82A7-A0A92D57791B}.Debug|iPhoneSimulator.ActiveCfg = Debug|Any CPU
		{8AA603DC-53C6-4CF3-82A7-A0A92D57791B}.Debug|iPhoneSimulator.Build.0 = Debug|Any CPU
		{8AA603DC-53C6-4CF3-82A7-A0A92D57791B}.Debug|iPhoneSimulator.Deploy.0 = Debug|Any CPU
		{8AA603DC-53C6-4CF3-82A7-A0A92D57791B}.Debug|x64.ActiveCfg = Debug|Any CPU
		{8AA603DC-53C6-4CF3-82A7-A0A92D57791B}.Debug|x64.Build.0 = Debug|Any CPU
		{8AA603DC-53C6-4CF3-82A7-A0A92D57791B}.Debug|x64.Deploy.0 = Debug|Any CPU
		{8AA603DC-53C6-4CF3-82A7-A0A92D57791B}.Debug|x86.ActiveCfg = Debug|Any CPU
		{8AA603DC-53C6-4CF3-82A7-A0A92D57791B}.Debug|x86.Build.0 = Debug|Any CPU
		{8AA603DC-53C6-4CF3-82A7-A0A92D57791B}.Debug|x86.Deploy.0 = Debug|Any CPU
		{8AA603DC-53C6-4CF3-82A7-A0A92D57791B}.Release|Any CPU.ActiveCfg = Release|Any CPU
		{8AA603DC-53C6-4CF3-82A7-A0A92D57791B}.Release|Any CPU.Build.0 = Release|Any CPU
		{8AA603DC-53C6-4CF3-82A7-A0A92D57791B}.Release|Any CPU.Deploy.0 = Release|Any CPU
		{8AA603DC-53C6-4CF3-82A7-A0A92D57791B}.Release|ARM.ActiveCfg = Release|Any CPU
		{8AA603DC-53C6-4CF3-82A7-A0A92D57791B}.Release|ARM.Build.0 = Release|Any CPU
		{8AA603DC-53C6-4CF3-82A7-A0A92D57791B}.Release|ARM.Deploy.0 = Release|Any CPU
		{8AA603DC-53C6-4CF3-82A7-A0A92D57791B}.Release|iPhone.ActiveCfg = Release|Any CPU
		{8AA603DC-53C6-4CF3-82A7-A0A92D57791B}.Release|iPhone.Build.0 = Release|Any CPU
		{8AA603DC-53C6-4CF3-82A7-A0A92D57791B}.Release|iPhone.Deploy.0 = Release|Any CPU
		{8AA603DC-53C6-4CF3-82A7-A0A92D57791B}.Release|iPhoneSimulator.ActiveCfg = Release|Any CPU
		{8AA603DC-53C6-4CF3-82A7-A0A92D57791B}.Release|iPhoneSimulator.Build.0 = Release|Any CPU
		{8AA603DC-53C6-4CF3-82A7-A0A92D57791B}.Release|iPhoneSimulator.Deploy.0 = Release|Any CPU
		{8AA603DC-53C6-4CF3-82A7-A0A92D57791B}.Release|x64.ActiveCfg = Release|Any CPU
		{8AA603DC-53C6-4CF3-82A7-A0A92D57791B}.Release|x64.Build.0 = Release|Any CPU
		{8AA603DC-53C6-4CF3-82A7-A0A92D57791B}.Release|x64.Deploy.0 = Release|Any CPU
		{8AA603DC-53C6-4CF3-82A7-A0A92D57791B}.Release|x86.ActiveCfg = Release|Any CPU
		{8AA603DC-53C6-4CF3-82A7-A0A92D57791B}.Release|x86.Build.0 = Release|Any CPU
		{8AA603DC-53C6-4CF3-82A7-A0A92D57791B}.Release|x86.Deploy.0 = Release|Any CPU
		{FC27B277-5832-4E2C-9F42-3762F3AFDADF}.Debug|Any CPU.ActiveCfg = Debug|iPhone
		{FC27B277-5832-4E2C-9F42-3762F3AFDADF}.Debug|Any CPU.Build.0 = Debug|iPhone
		{FC27B277-5832-4E2C-9F42-3762F3AFDADF}.Debug|Any CPU.Deploy.0 = Debug|iPhone
		{FC27B277-5832-4E2C-9F42-3762F3AFDADF}.Debug|ARM.ActiveCfg = Debug|iPhoneSimulator
		{FC27B277-5832-4E2C-9F42-3762F3AFDADF}.Debug|ARM.Build.0 = Debug|iPhoneSimulator
		{FC27B277-5832-4E2C-9F42-3762F3AFDADF}.Debug|ARM.Deploy.0 = Debug|iPhoneSimulator
		{FC27B277-5832-4E2C-9F42-3762F3AFDADF}.Debug|iPhone.ActiveCfg = Debug|iPhone
		{FC27B277-5832-4E2C-9F42-3762F3AFDADF}.Debug|iPhone.Build.0 = Debug|iPhone
		{FC27B277-5832-4E2C-9F42-3762F3AFDADF}.Debug|iPhone.Deploy.0 = Debug|iPhone
		{FC27B277-5832-4E2C-9F42-3762F3AFDADF}.Debug|iPhoneSimulator.ActiveCfg = Debug|iPhoneSimulator
		{FC27B277-5832-4E2C-9F42-3762F3AFDADF}.Debug|iPhoneSimulator.Build.0 = Debug|iPhoneSimulator
		{FC27B277-5832-4E2C-9F42-3762F3AFDADF}.Debug|iPhoneSimulator.Deploy.0 = Debug|iPhoneSimulator
		{FC27B277-5832-4E2C-9F42-3762F3AFDADF}.Debug|x64.ActiveCfg = Debug|iPhone
		{FC27B277-5832-4E2C-9F42-3762F3AFDADF}.Debug|x64.Build.0 = Debug|iPhone
		{FC27B277-5832-4E2C-9F42-3762F3AFDADF}.Debug|x64.Deploy.0 = Debug|iPhone
		{FC27B277-5832-4E2C-9F42-3762F3AFDADF}.Debug|x86.ActiveCfg = Debug|iPhone
		{FC27B277-5832-4E2C-9F42-3762F3AFDADF}.Debug|x86.Build.0 = Debug|iPhone
		{FC27B277-5832-4E2C-9F42-3762F3AFDADF}.Debug|x86.Deploy.0 = Debug|iPhone
		{FC27B277-5832-4E2C-9F42-3762F3AFDADF}.Release|Any CPU.ActiveCfg = Release|iPhone
		{FC27B277-5832-4E2C-9F42-3762F3AFDADF}.Release|Any CPU.Build.0 = Release|iPhone
		{FC27B277-5832-4E2C-9F42-3762F3AFDADF}.Release|Any CPU.Deploy.0 = Release|iPhone
		{FC27B277-5832-4E2C-9F42-3762F3AFDADF}.Release|ARM.ActiveCfg = Release|iPhone
		{FC27B277-5832-4E2C-9F42-3762F3AFDADF}.Release|ARM.Build.0 = Release|iPhone
		{FC27B277-5832-4E2C-9F42-3762F3AFDADF}.Release|ARM.Deploy.0 = Release|iPhone
		{FC27B277-5832-4E2C-9F42-3762F3AFDADF}.Release|iPhone.ActiveCfg = Release|iPhone
		{FC27B277-5832-4E2C-9F42-3762F3AFDADF}.Release|iPhone.Build.0 = Release|iPhone
		{FC27B277-5832-4E2C-9F42-3762F3AFDADF}.Release|iPhone.Deploy.0 = Release|iPhone
		{FC27B277-5832-4E2C-9F42-3762F3AFDADF}.Release|iPhoneSimulator.ActiveCfg = Release|iPhoneSimulator
		{FC27B277-5832-4E2C-9F42-3762F3AFDADF}.Release|iPhoneSimulator.Build.0 = Release|iPhoneSimulator
		{FC27B277-5832-4E2C-9F42-3762F3AFDADF}.Release|iPhoneSimulator.Deploy.0 = Release|iPhoneSimulator
		{FC27B277-5832-4E2C-9F42-3762F3AFDADF}.Release|x64.ActiveCfg = Release|iPhone
		{FC27B277-5832-4E2C-9F42-3762F3AFDADF}.Release|x64.Build.0 = Release|iPhone
		{FC27B277-5832-4E2C-9F42-3762F3AFDADF}.Release|x64.Deploy.0 = Release|iPhone
		{FC27B277-5832-4E2C-9F42-3762F3AFDADF}.Release|x86.ActiveCfg = Release|iPhone
		{FC27B277-5832-4E2C-9F42-3762F3AFDADF}.Release|x86.Build.0 = Release|iPhone
		{FC27B277-5832-4E2C-9F42-3762F3AFDADF}.Release|x86.Deploy.0 = Release|iPhone
		{AA919E60-3E0A-4A0B-834A-EEE405FEFC46}.Debug|Any CPU.ActiveCfg = Debug|Any CPU
		{AA919E60-3E0A-4A0B-834A-EEE405FEFC46}.Debug|Any CPU.Build.0 = Debug|Any CPU
		{AA919E60-3E0A-4A0B-834A-EEE405FEFC46}.Debug|Any CPU.Deploy.0 = Debug|Any CPU
		{AA919E60-3E0A-4A0B-834A-EEE405FEFC46}.Debug|ARM.ActiveCfg = Debug|Any CPU
		{AA919E60-3E0A-4A0B-834A-EEE405FEFC46}.Debug|ARM.Build.0 = Debug|Any CPU
		{AA919E60-3E0A-4A0B-834A-EEE405FEFC46}.Debug|ARM.Deploy.0 = Debug|Any CPU
		{AA919E60-3E0A-4A0B-834A-EEE405FEFC46}.Debug|iPhone.ActiveCfg = Debug|Any CPU
		{AA919E60-3E0A-4A0B-834A-EEE405FEFC46}.Debug|iPhone.Build.0 = Debug|Any CPU
		{AA919E60-3E0A-4A0B-834A-EEE405FEFC46}.Debug|iPhone.Deploy.0 = Debug|Any CPU
		{AA919E60-3E0A-4A0B-834A-EEE405FEFC46}.Debug|iPhoneSimulator.ActiveCfg = Debug|Any CPU
		{AA919E60-3E0A-4A0B-834A-EEE405FEFC46}.Debug|iPhoneSimulator.Build.0 = Debug|Any CPU
		{AA919E60-3E0A-4A0B-834A-EEE405FEFC46}.Debug|iPhoneSimulator.Deploy.0 = Debug|Any CPU
		{AA919E60-3E0A-4A0B-834A-EEE405FEFC46}.Debug|x64.ActiveCfg = Debug|Any CPU
		{AA919E60-3E0A-4A0B-834A-EEE405FEFC46}.Debug|x64.Build.0 = Debug|Any CPU
		{AA919E60-3E0A-4A0B-834A-EEE405FEFC46}.Debug|x64.Deploy.0 = Debug|Any CPU
		{AA919E60-3E0A-4A0B-834A-EEE405FEFC46}.Debug|x86.ActiveCfg = Debug|Any CPU
		{AA919E60-3E0A-4A0B-834A-EEE405FEFC46}.Debug|x86.Build.0 = Debug|Any CPU
		{AA919E60-3E0A-4A0B-834A-EEE405FEFC46}.Debug|x86.Deploy.0 = Debug|Any CPU
		{AA919E60-3E0A-4A0B-834A-EEE405FEFC46}.Release|Any CPU.ActiveCfg = Release|Any CPU
		{AA919E60-3E0A-4A0B-834A-EEE405FEFC46}.Release|Any CPU.Build.0 = Release|Any CPU
		{AA919E60-3E0A-4A0B-834A-EEE405FEFC46}.Release|Any CPU.Deploy.0 = Release|Any CPU
		{AA919E60-3E0A-4A0B-834A-EEE405FEFC46}.Release|ARM.ActiveCfg = Release|Any CPU
		{AA919E60-3E0A-4A0B-834A-EEE405FEFC46}.Release|ARM.Build.0 = Release|Any CPU
		{AA919E60-3E0A-4A0B-834A-EEE405FEFC46}.Release|ARM.Deploy.0 = Release|Any CPU
		{AA919E60-3E0A-4A0B-834A-EEE405FEFC46}.Release|iPhone.ActiveCfg = Release|Any CPU
		{AA919E60-3E0A-4A0B-834A-EEE405FEFC46}.Release|iPhone.Build.0 = Release|Any CPU
		{AA919E60-3E0A-4A0B-834A-EEE405FEFC46}.Release|iPhone.Deploy.0 = Release|Any CPU
		{AA919E60-3E0A-4A0B-834A-EEE405FEFC46}.Release|iPhoneSimulator.ActiveCfg = Release|Any CPU
		{AA919E60-3E0A-4A0B-834A-EEE405FEFC46}.Release|iPhoneSimulator.Build.0 = Release|Any CPU
		{AA919E60-3E0A-4A0B-834A-EEE405FEFC46}.Release|iPhoneSimulator.Deploy.0 = Release|Any CPU
		{AA919E60-3E0A-4A0B-834A-EEE405FEFC46}.Release|x64.ActiveCfg = Release|Any CPU
		{AA919E60-3E0A-4A0B-834A-EEE405FEFC46}.Release|x64.Build.0 = Release|Any CPU
		{AA919E60-3E0A-4A0B-834A-EEE405FEFC46}.Release|x64.Deploy.0 = Release|Any CPU
		{AA919E60-3E0A-4A0B-834A-EEE405FEFC46}.Release|x86.ActiveCfg = Release|Any CPU
		{AA919E60-3E0A-4A0B-834A-EEE405FEFC46}.Release|x86.Build.0 = Release|Any CPU
		{AA919E60-3E0A-4A0B-834A-EEE405FEFC46}.Release|x86.Deploy.0 = Release|Any CPU
		{89234904-DD0D-4F42-83BE-459A3E7751FB}.Debug|Any CPU.ActiveCfg = Debug|Any CPU
		{89234904-DD0D-4F42-83BE-459A3E7751FB}.Debug|Any CPU.Build.0 = Debug|Any CPU
		{89234904-DD0D-4F42-83BE-459A3E7751FB}.Debug|ARM.ActiveCfg = Debug|Any CPU
		{89234904-DD0D-4F42-83BE-459A3E7751FB}.Debug|ARM.Build.0 = Debug|Any CPU
		{89234904-DD0D-4F42-83BE-459A3E7751FB}.Debug|iPhone.ActiveCfg = Debug|Any CPU
		{89234904-DD0D-4F42-83BE-459A3E7751FB}.Debug|iPhone.Build.0 = Debug|Any CPU
		{89234904-DD0D-4F42-83BE-459A3E7751FB}.Debug|iPhoneSimulator.ActiveCfg = Debug|Any CPU
		{89234904-DD0D-4F42-83BE-459A3E7751FB}.Debug|iPhoneSimulator.Build.0 = Debug|Any CPU
		{89234904-DD0D-4F42-83BE-459A3E7751FB}.Debug|x64.ActiveCfg = Debug|Any CPU
		{89234904-DD0D-4F42-83BE-459A3E7751FB}.Debug|x64.Build.0 = Debug|Any CPU
		{89234904-DD0D-4F42-83BE-459A3E7751FB}.Debug|x86.ActiveCfg = Debug|Any CPU
		{89234904-DD0D-4F42-83BE-459A3E7751FB}.Debug|x86.Build.0 = Debug|Any CPU
		{89234904-DD0D-4F42-83BE-459A3E7751FB}.Release|Any CPU.ActiveCfg = Release|Any CPU
		{89234904-DD0D-4F42-83BE-459A3E7751FB}.Release|Any CPU.Build.0 = Release|Any CPU
		{89234904-DD0D-4F42-83BE-459A3E7751FB}.Release|ARM.ActiveCfg = Release|Any CPU
		{89234904-DD0D-4F42-83BE-459A3E7751FB}.Release|ARM.Build.0 = Release|Any CPU
		{89234904-DD0D-4F42-83BE-459A3E7751FB}.Release|iPhone.ActiveCfg = Release|Any CPU
		{89234904-DD0D-4F42-83BE-459A3E7751FB}.Release|iPhone.Build.0 = Release|Any CPU
		{89234904-DD0D-4F42-83BE-459A3E7751FB}.Release|iPhoneSimulator.ActiveCfg = Release|Any CPU
		{89234904-DD0D-4F42-83BE-459A3E7751FB}.Release|iPhoneSimulator.Build.0 = Release|Any CPU
		{89234904-DD0D-4F42-83BE-459A3E7751FB}.Release|x64.ActiveCfg = Release|Any CPU
		{89234904-DD0D-4F42-83BE-459A3E7751FB}.Release|x64.Build.0 = Release|Any CPU
		{89234904-DD0D-4F42-83BE-459A3E7751FB}.Release|x86.ActiveCfg = Release|Any CPU
		{89234904-DD0D-4F42-83BE-459A3E7751FB}.Release|x86.Build.0 = Release|Any CPU
	EndGlobalSection
	GlobalSection(SolutionProperties) = preSolution
		HideSolutionNode = FALSE
	EndGlobalSection
	GlobalSection(ExtensibilityGlobals) = postSolution
		SolutionGuid = {9B6925D4-75D5-4342-8D4A-EEEAA4706375}
	EndGlobalSection
EndGlobal
